
Microsoft Visual Studio Solution File, Format Version 12.00
# Visual Studio 14
VisualStudioVersion = 14.0.25123.0
MinimumVisualStudioVersion = 10.0.40219.1
Project("{FAE04EC0-301F-11D3-BF4B-00C04F79EFBC}") = "Import", "Import\Import.csproj", "{65CC549F-D192-4AA6-B070-7AA08A00BFCB}"
EndProject
Project("{FAE04EC0-301F-11D3-BF4B-00C04F79EFBC}") = "SystemMappings", "..\SystemMappings\SystemMappings\SystemMappings.csproj", "{B33ED46A-CBF4-4EA9-BC9D-7C44428459C1}"
EndProject
Project("{FAE04EC0-301F-11D3-BF4B-00C04F79EFBC}") = "AATools", "..\AATools\AATools\AATools.csproj", "{0AD56976-EFD4-4303-AD8D-8B1D20A886BD}"
EndProject
Global
	GlobalSection(SolutionConfigurationPlatforms) = preSolution
		Debug|Any CPU = Debug|Any CPU
		Release|Any CPU = Release|Any CPU
	EndGlobalSection
	GlobalSection(ProjectConfigurationPlatforms) = postSolution
		{65CC549F-D192-4AA6-B070-7AA08A00BFCB}.Debug|Any CPU.ActiveCfg = Debug|Any CPU
		{65CC549F-D192-4AA6-B070-7AA08A00BFCB}.Debug|Any CPU.Build.0 = Debug|Any CPU
		{65CC549F-D192-4AA6-B070-7AA08A00BFCB}.Release|Any CPU.ActiveCfg = Release|Any CPU
		{65CC549F-D192-4AA6-B070-7AA08A00BFCB}.Release|Any CPU.Build.0 = Release|Any CPU
		{B33ED46A-CBF4-4EA9-BC9D-7C44428459C1}.Debug|Any CPU.ActiveCfg = Debug|Any CPU
		{B33ED46A-CBF4-4EA9-BC9D-7C44428459C1}.Debug|Any CPU.Build.0 = Debug|Any CPU
		{B33ED46A-CBF4-4EA9-BC9D-7C44428459C1}.Release|Any CPU.ActiveCfg = Release|Any CPU
		{B33ED46A-CBF4-4EA9-BC9D-7C44428459C1}.Release|Any CPU.Build.0 = Release|Any CPU
		{0AD56976-EFD4-4303-AD8D-8B1D20A886BD}.Debug|Any CPU.ActiveCfg = Debug|Any CPU
		{0AD56976-EFD4-4303-AD8D-8B1D20A886BD}.Debug|Any CPU.Build.0 = Debug|Any CPU
		{0AD56976-EFD4-4303-AD8D-8B1D20A886BD}.Release|Any CPU.ActiveCfg = Release|Any CPU
		{0AD56976-EFD4-4303-AD8D-8B1D20A886BD}.Release|Any CPU.Build.0 = Release|Any CPU
	EndGlobalSection
	GlobalSection(SolutionProperties) = preSolution
		HideSolutionNode = FALSE
	EndGlobalSection
	GlobalSection(TeamFoundationVersionControl) = preSolution
		SccNumberOfProjects = 4
		SccEnterpriseProvider = {4CA58AB2-18FA-4F8D-95D4-32DDF27D184C}
		SccTeamFoundationServer = http://fwjay:8080/tfs/defaultcollection
		SccLocalPath0 = .
		SccProjectUniqueName1 = Import\\Import.csproj
		SccProjectName1 = Import
		SccLocalPath1 = Import
		SccProjectUniqueName2 = ..\\SystemMappings\\SystemMappings\\SystemMappings.csproj
		SccProjectName2 = ../SystemMappings/SystemMappings
		SccLocalPath2 = ..\\SystemMappings\\SystemMappings
		SccProjectUniqueName3 = ..\\AATools\\AATools\\AATools.csproj
		SccProjectName3 = ../AATools/AATools
		SccLocalPath3 = ..\\AATools\\AATools
	EndGlobalSection
EndGlobal
